schema: '2.0'
stages:
  data_ingestion:
    cmd: python src/data_ingestion.py
    deps:
    - path: src/data_ingestion.py
      hash: md5
      md5: 33437c1e2199a5211339933113d27747
      size: 3681
    params:
      params.yaml:
        data_ingestion.test_size: 0.3
    outs:
    - path: data/raw
      hash: md5
      md5: af53b30e1507b51c42fb8a44f570e2b4.dir
      size: 1820
      nfiles: 2
  data_transformation:
    cmd: python src/data_transformation.py
    deps:
    - path: data/raw
      hash: md5
      md5: af53b30e1507b51c42fb8a44f570e2b4.dir
      size: 1820
      nfiles: 2
    - path: src/data_transformation.py
      hash: md5
      md5: 1ae4f686eb6df082c1b40e5cde9b1efb
      size: 6234
    outs:
    - path: data/processed
      hash: md5
      md5: 05124b8d0c693564e5ff42b761257cb6.dir
      size: 1238
      nfiles: 2
  feature_engineering:
    cmd: python src/feature_engineering.py
    deps:
    - path: data/processed
      hash: md5
      md5: 05124b8d0c693564e5ff42b761257cb6.dir
      size: 1238
      nfiles: 2
    - path: src/feature_engineering.py
      hash: md5
      md5: a43742293c09b47e4bda16c6e3464286
      size: 4458
    params:
      params.yaml:
        feature_engineering.max_features: 200
    outs:
    - path: data/features
      hash: md5
      md5: d3ffeec40d09c2cdaa8c6002c4d1daa4.dir
      size: 5371
      nfiles: 2
  model_trainer:
    cmd: python src/model_trainer.py
    deps:
    - path: data/features
      hash: md5
      md5: d3ffeec40d09c2cdaa8c6002c4d1daa4.dir
      size: 5371
      nfiles: 2
    - path: src/model_trainer.py
      hash: md5
      md5: ac0e3ae575669d950d7c41ae1bb42139
      size: 3847
    params:
      params.yaml:
        model_trainer.learning_rate: 0.2
        model_trainer.n_estimators: 100
    outs:
    - path: data/models/model.pkl
      hash: md5
      md5: 76a364587470e7444473c3e0f82032bb
      size: 73287
  model_evaluation:
    cmd: python src/model_evaluation.py
    deps:
    - path: data/models
      hash: md5
      md5: 248a7ebf592bb9ac03bec8046a83a510.dir
      size: 73287
      nfiles: 1
    - path: src/model_evaluation.py
      hash: md5
      md5: afa718f38d3e169d8e1360d46307d438
      size: 3289
    outs:
    - path: data/reports/metrics.json
      hash: md5
      md5: a6bb77e1349d13e9186a3198012cd340
      size: 119
